// !$*UTF8*$!
{
	archiveVersion = 1;
	classes = {
	};
	objectVersion = 50;
	objects = {

/* Begin PBXBuildFile section */
		457EE0882521F44400A9A9AD /* UIButtonExtension.framework in Frameworks */ = {isa = PBXBuildFile; fileRef = 457EE07E2521F44400A9A9AD /* UIButtonExtension.framework */; };
		457EE08D2521F44400A9A9AD /* UIButtonExtensionTests.swift in Sources */ = {isa = PBXBuildFile; fileRef = 457EE08C2521F44400A9A9AD /* UIButtonExtensionTests.swift */; };
		457EE08F2521F44400A9A9AD /* UIButtonExtension.h in Headers */ = {isa = PBXBuildFile; fileRef = 457EE0812521F44400A9A9AD /* UIButtonExtension.h */; settings = {ATTRIBUTES = (Public, ); }; };
		457EE0A12521F47B00A9A9AD /* AppDelegate.swift in Sources */ = {isa = PBXBuildFile; fileRef = 457EE0A02521F47B00A9A9AD /* AppDelegate.swift */; };
		457EE0A52521F47B00A9A9AD /* ViewController.swift in Sources */ = {isa = PBXBuildFile; fileRef = 457EE0A42521F47B00A9A9AD /* ViewController.swift */; };
		457EE0AA2521F47D00A9A9AD /* Assets.xcassets in Resources */ = {isa = PBXBuildFile; fileRef = 457EE0A92521F47D00A9A9AD /* Assets.xcassets */; };
		457EE0AD2521F47D00A9A9AD /* LaunchScreen.storyboard in Resources */ = {isa = PBXBuildFile; fileRef = 457EE0AB2521F47D00A9A9AD /* LaunchScreen.storyboard */; };
		457EE0B82521F47E00A9A9AD /* UIButtonExtensionExampleTests.swift in Sources */ = {isa = PBXBuildFile; fileRef = 457EE0B72521F47E00A9A9AD /* UIButtonExtensionExampleTests.swift */; };
		457EE0C32521F47E00A9A9AD /* UIButtonExtensionExampleUITests.swift in Sources */ = {isa = PBXBuildFile; fileRef = 457EE0C22521F47E00A9A9AD /* UIButtonExtensionExampleUITests.swift */; };
		457EE0EA2521FE7000A9A9AD /* UICheckboxModern.swift in Sources */ = {isa = PBXBuildFile; fileRef = 457EE0E92521FE7000A9A9AD /* UICheckboxModern.swift */; };
		457EE0F12521FE9400A9A9AD /* UICheckboxClassic.swift in Sources */ = {isa = PBXBuildFile; fileRef = 457EE0F02521FE9400A9A9AD /* UICheckboxClassic.swift */; };
		457EE0FD2521FEBA00A9A9AD /* UIRadioButton.swift in Sources */ = {isa = PBXBuildFile; fileRef = 457EE0FC2521FEBA00A9A9AD /* UIRadioButton.swift */; };
		457EE1102522043F00A9A9AD /* Resources.xcassets in Resources */ = {isa = PBXBuildFile; fileRef = 457EE10F2522043F00A9A9AD /* Resources.xcassets */; };
/* End PBXBuildFile section */

/* Begin PBXContainerItemProxy section */
		457EE0892521F44400A9A9AD /* PBXContainerItemProxy */ = {
			isa = PBXContainerItemProxy;
			containerPortal = 457EE0752521F44400A9A9AD /* Project object */;
			proxyType = 1;
			remoteGlobalIDString = 457EE07D2521F44400A9A9AD;
			remoteInfo = UIButtonExtension;
		};
		457EE0B42521F47E00A9A9AD /* PBXContainerItemProxy */ = {
			isa = PBXContainerItemProxy;
			containerPortal = 457EE0752521F44400A9A9AD /* Project object */;
			proxyType = 1;
			remoteGlobalIDString = 457EE09D2521F47B00A9A9AD;
			remoteInfo = UIButtonExtensionExample;
		};
		457EE0BF2521F47E00A9A9AD /* PBXContainerItemProxy */ = {
			isa = PBXContainerItemProxy;
			containerPortal = 457EE0752521F44400A9A9AD /* Project object */;
			proxyType = 1;
			remoteGlobalIDString = 457EE09D2521F47B00A9A9AD;
			remoteInfo = UIButtonExtensionExample;
		};
/* End PBXContainerItemProxy section */

/* Begin PBXFileReference section */
		457EE07E2521F44400A9A9AD /* UIButtonExtension.framework */ = {isa = PBXFileReference; explicitFileType = wrapper.framework; includeInIndex = 0; path = UIButtonExtension.framework; sourceTree = BUILT_PRODUCTS_DIR; };
		457EE0812521F44400A9A9AD /* UIButtonExtension.h */ = {isa = PBXFileReference; lastKnownFileType = sourcecode.c.h; path = UIButtonExtension.h; sourceTree = "<group>"; };
		457EE0822521F44400A9A9AD /* Info.plist */ = {isa = PBXFileReference; lastKnownFileType = text.plist.xml; path = Info.plist; sourceTree = "<group>"; };
		457EE0872521F44400A9A9AD /* UIButtonExtensionTests.xctest */ = {isa = PBXFileReference; explicitFileType = wrapper.cfbundle; includeInIndex = 0; path = UIButtonExtensionTests.xctest; sourceTree = BUILT_PRODUCTS_DIR; };
		457EE08C2521F44400A9A9AD /* UIButtonExtensionTests.swift */ = {isa = PBXFileReference; lastKnownFileType = sourcecode.swift; path = UIButtonExtensionTests.swift; sourceTree = "<group>"; };
		457EE08E2521F44400A9A9AD /* Info.plist */ = {isa = PBXFileReference; lastKnownFileType = text.plist.xml; path = Info.plist; sourceTree = "<group>"; };
		457EE09E2521F47B00A9A9AD /* UIButtonExtensionExample.app */ = {isa = PBXFileReference; explicitFileType = wrapper.application; includeInIndex = 0; path = UIButtonExtensionExample.app; sourceTree = BUILT_PRODUCTS_DIR; };
		457EE0A02521F47B00A9A9AD /* AppDelegate.swift */ = {isa = PBXFileReference; lastKnownFileType = sourcecode.swift; path = AppDelegate.swift; sourceTree = "<group>"; };
		457EE0A42521F47B00A9A9AD /* ViewController.swift */ = {isa = PBXFileReference; lastKnownFileType = sourcecode.swift; path = ViewController.swift; sourceTree = "<group>"; };
		457EE0A92521F47D00A9A9AD /* Assets.xcassets */ = {isa = PBXFileReference; lastKnownFileType = folder.assetcatalog; path = Assets.xcassets; sourceTree = "<group>"; };
		457EE0AC2521F47D00A9A9AD /* Base */ = {isa = PBXFileReference; lastKnownFileType = file.storyboard; name = Base; path = Base.lproj/LaunchScreen.storyboard; sourceTree = "<group>"; };
		457EE0AE2521F47D00A9A9AD /* Info.plist */ = {isa = PBXFileReference; lastKnownFileType = text.plist.xml; path = Info.plist; sourceTree = "<group>"; };
		457EE0B32521F47E00A9A9AD /* UIButtonExtensionExampleTests.xctest */ = {isa = PBXFileReference; explicitFileType = wrapper.cfbundle; includeInIndex = 0; path = UIButtonExtensionExampleTests.xctest; sourceTree = BUILT_PRODUCTS_DIR; };
		457EE0B72521F47E00A9A9AD /* UIButtonExtensionExampleTests.swift */ = {isa = PBXFileReference; lastKnownFileType = sourcecode.swift; path = UIButtonExtensionExampleTests.swift; sourceTree = "<group>"; };
		457EE0B92521F47E00A9A9AD /* Info.plist */ = {isa = PBXFileReference; lastKnownFileType = text.plist.xml; path = Info.plist; sourceTree = "<group>"; };
		457EE0BE2521F47E00A9A9AD /* UIButtonExtensionExampleUITests.xctest */ = {isa = PBXFileReference; explicitFileType = wrapper.cfbundle; includeInIndex = 0; path = UIButtonExtensionExampleUITests.xctest; sourceTree = BUILT_PRODUCTS_DIR; };
		457EE0C22521F47E00A9A9AD /* UIButtonExtensionExampleUITests.swift */ = {isa = PBXFileReference; lastKnownFileType = sourcecode.swift; path = UIButtonExtensionExampleUITests.swift; sourceTree = "<group>"; };
		457EE0C42521F47E00A9A9AD /* Info.plist */ = {isa = PBXFileReference; lastKnownFileType = text.plist.xml; path = Info.plist; sourceTree = "<group>"; };
		457EE0E92521FE7000A9A9AD /* UICheckboxModern.swift */ = {isa = PBXFileReference; lastKnownFileType = sourcecode.swift; path = UICheckboxModern.swift; sourceTree = "<group>"; };
		457EE0F02521FE9400A9A9AD /* UICheckboxClassic.swift */ = {isa = PBXFileReference; lastKnownFileType = sourcecode.swift; path = UICheckboxClassic.swift; sourceTree = "<group>"; };
		457EE0FC2521FEBA00A9A9AD /* UIRadioButton.swift */ = {isa = PBXFileReference; lastKnownFileType = sourcecode.swift; path = UIRadioButton.swift; sourceTree = "<group>"; };
		457EE10F2522043F00A9A9AD /* Resources.xcassets */ = {isa = PBXFileReference; lastKnownFileType = folder.assetcatalog; path = Resources.xcassets; sourceTree = "<group>"; };
/* End PBXFileReference section */

/* Begin PBXFrameworksBuildPhase section */
		457EE07B2521F44400A9A9AD /* Frameworks */ = {
			isa = PBXFrameworksBuildPhase;
			buildActionMask = 2147483647;
			files = (
			);
			runOnlyForDeploymentPostprocessing = 0;
		};
		457EE0842521F44400A9A9AD /* Frameworks */ = {
			isa = PBXFrameworksBuildPhase;
			buildActionMask = 2147483647;
			files = (
				457EE0882521F44400A9A9AD /* UIButtonExtension.framework in Frameworks */,
			);
			runOnlyForDeploymentPostprocessing = 0;
		};
		457EE09B2521F47B00A9A9AD /* Frameworks */ = {
			isa = PBXFrameworksBuildPhase;
			buildActionMask = 2147483647;
			files = (
			);
			runOnlyForDeploymentPostprocessing = 0;
		};
		457EE0B02521F47E00A9A9AD /* Frameworks */ = {
			isa = PBXFrameworksBuildPhase;
			buildActionMask = 2147483647;
			files = (
			);
			runOnlyForDeploymentPostprocessing = 0;
		};
		457EE0BB2521F47E00A9A9AD /* Frameworks */ = {
			isa = PBXFrameworksBuildPhase;
			buildActionMask = 2147483647;
			files = (
			);
			runOnlyForDeploymentPostprocessing = 0;
		};
/* End PBXFrameworksBuildPhase section */

/* Begin PBXGroup section */
		457EE0742521F44400A9A9AD = {
			isa = PBXGroup;
			children = (
				457EE0802521F44400A9A9AD /* UIButtonExtension */,
				457EE08B2521F44400A9A9AD /* UIButtonExtensionTests */,
				457EE09F2521F47B00A9A9AD /* UIButtonExtensionExample */,
				457EE0B62521F47E00A9A9AD /* UIButtonExtensionExampleTests */,
				457EE0C12521F47E00A9A9AD /* UIButtonExtensionExampleUITests */,
				457EE07F2521F44400A9A9AD /* Products */,
			);
			sourceTree = "<group>";
		};
		457EE07F2521F44400A9A9AD /* Products */ = {
			isa = PBXGroup;
			children = (
				457EE07E2521F44400A9A9AD /* UIButtonExtension.framework */,
				457EE0872521F44400A9A9AD /* UIButtonExtensionTests.xctest */,
				457EE09E2521F47B00A9A9AD /* UIButtonExtensionExample.app */,
				457EE0B32521F47E00A9A9AD /* UIButtonExtensionExampleTests.xctest */,
				457EE0BE2521F47E00A9A9AD /* UIButtonExtensionExampleUITests.xctest */,
			);
			name = Products;
			sourceTree = "<group>";
		};
		457EE0802521F44400A9A9AD /* UIButtonExtension */ = {
			isa = PBXGroup;
			children = (
				457EE0812521F44400A9A9AD /* UIButtonExtension.h */,
				457EE0822521F44400A9A9AD /* Info.plist */,
				457EE0FC2521FEBA00A9A9AD /* UIRadioButton.swift */,
				457EE0E92521FE7000A9A9AD /* UICheckboxModern.swift */,
				457EE0F02521FE9400A9A9AD /* UICheckboxClassic.swift */,
				457EE10F2522043F00A9A9AD /* Resources.xcassets */,
			);
			path = UIButtonExtension;
			sourceTree = "<group>";
		};
		457EE08B2521F44400A9A9AD /* UIButtonExtensionTests */ = {
			isa = PBXGroup;
			children = (
				457EE08C2521F44400A9A9AD /* UIButtonExtensionTests.swift */,
				457EE08E2521F44400A9A9AD /* Info.plist */,
			);
			path = UIButtonExtensionTests;
			sourceTree = "<group>";
		};
		457EE09F2521F47B00A9A9AD /* UIButtonExtensionExample */ = {
			isa = PBXGroup;
			children = (
				457EE0A02521F47B00A9A9AD /* AppDelegate.swift */,
				457EE0A42521F47B00A9A9AD /* ViewController.swift */,
				457EE0A92521F47D00A9A9AD /* Assets.xcassets */,
				457EE0AB2521F47D00A9A9AD /* LaunchScreen.storyboard */,
				457EE0AE2521F47D00A9A9AD /* Info.plist */,
			);
			path = UIButtonExtensionExample;
			sourceTree = "<group>";
		};
		457EE0B62521F47E00A9A9AD /* UIButtonExtensionExampleTests */ = {
			isa = PBXGroup;
			children = (
				457EE0B72521F47E00A9A9AD /* UIButtonExtensionExampleTests.swift */,
				457EE0B92521F47E00A9A9AD /* Info.plist */,
			);
			path = UIButtonExtensionExampleTests;
			sourceTree = "<group>";
		};
		457EE0C12521F47E00A9A9AD /* UIButtonExtensionExampleUITests */ = {
			isa = PBXGroup;
			children = (
				457EE0C22521F47E00A9A9AD /* UIButtonExtensionExampleUITests.swift */,
				457EE0C42521F47E00A9A9AD /* Info.plist */,
			);
			path = UIButtonExtensionExampleUITests;
			sourceTree = "<group>";
		};
/* End PBXGroup section */

/* Begin PBXHeadersBuildPhase section */
		457EE0792521F44400A9A9AD /* Headers */ = {
			isa = PBXHeadersBuildPhase;
			buildActionMask = 2147483647;
			files = (
				457EE08F2521F44400A9A9AD /* UIButtonExtension.h in Headers */,
			);
			runOnlyForDeploymentPostprocessing = 0;
		};
/* End PBXHeadersBuildPhase section */

/* Begin PBXNativeTarget section */
		457EE07D2521F44400A9A9AD /* UIButtonExtension */ = {
			isa = PBXNativeTarget;
			buildConfigurationList = 457EE0922521F44400A9A9AD /* Build configuration list for PBXNativeTarget "UIButtonExtension" */;
			buildPhases = (
				457EE0792521F44400A9A9AD /* Headers */,
				457EE07A2521F44400A9A9AD /* Sources */,
				457EE07B2521F44400A9A9AD /* Frameworks */,
				457EE07C2521F44400A9A9AD /* Resources */,
			);
			buildRules = (
			);
			dependencies = (
			);
			name = UIButtonExtension;
			productName = UIButtonExtension;
			productReference = 457EE07E2521F44400A9A9AD /* UIButtonExtension.framework */;
			productType = "com.apple.product-type.framework";
		};
		457EE0862521F44400A9A9AD /* UIButtonExtensionTests */ = {
			isa = PBXNativeTarget;
			buildConfigurationList = 457EE0952521F44400A9A9AD /* Build configuration list for PBXNativeTarget "UIButtonExtensionTests" */;
			buildPhases = (
				457EE0832521F44400A9A9AD /* Sources */,
				457EE0842521F44400A9A9AD /* Frameworks */,
				457EE0852521F44400A9A9AD /* Resources */,
			);
			buildRules = (
			);
			dependencies = (
				457EE08A2521F44400A9A9AD /* PBXTargetDependency */,
			);
			name = UIButtonExtensionTests;
			productName = UIButtonExtensionTests;
			productReference = 457EE0872521F44400A9A9AD /* UIButtonExtensionTests.xctest */;
			productType = "com.apple.product-type.bundle.unit-test";
		};
		457EE09D2521F47B00A9A9AD /* UIButtonExtensionExample */ = {
			isa = PBXNativeTarget;
			buildConfigurationList = 457EE0C52521F47E00A9A9AD /* Build configuration list for PBXNativeTarget "UIButtonExtensionExample" */;
			buildPhases = (
				457EE09A2521F47B00A9A9AD /* Sources */,
				457EE09B2521F47B00A9A9AD /* Frameworks */,
				457EE09C2521F47B00A9A9AD /* Resources */,
			);
			buildRules = (
			);
			dependencies = (
			);
			name = UIButtonExtensionExample;
			productName = UIButtonExtensionExample;
			productReference = 457EE09E2521F47B00A9A9AD /* UIButtonExtensionExample.app */;
			productType = "com.apple.product-type.application";
		};
		457EE0B22521F47E00A9A9AD /* UIButtonExtensionExampleTests */ = {
			isa = PBXNativeTarget;
			buildConfigurationList = 457EE0C82521F47E00A9A9AD /* Build configuration list for PBXNativeTarget "UIButtonExtensionExampleTests" */;
			buildPhases = (
				457EE0AF2521F47E00A9A9AD /* Sources */,
				457EE0B02521F47E00A9A9AD /* Frameworks */,
				457EE0B12521F47E00A9A9AD /* Resources */,
			);
			buildRules = (
			);
			dependencies = (
				457EE0B52521F47E00A9A9AD /* PBXTargetDependency */,
			);
			name = UIButtonExtensionExampleTests;
			productName = UIButtonExtensionExampleTests;
			productReference = 457EE0B32521F47E00A9A9AD /* UIButtonExtensionExampleTests.xctest */;
			productType = "com.apple.product-type.bundle.unit-test";
		};
		457EE0BD2521F47E00A9A9AD /* UIButtonExtensionExampleUITests */ = {
			isa = PBXNativeTarget;
			buildConfigurationList = 457EE0CB2521F47E00A9A9AD /* Build configuration list for PBXNativeTarget "UIButtonExtensionExampleUITests" */;
			buildPhases = (
				457EE0BA2521F47E00A9A9AD /* Sources */,
				457EE0BB2521F47E00A9A9AD /* Frameworks */,
				457EE0BC2521F47E00A9A9AD /* Resources */,
			);
			buildRules = (
			);
			dependencies = (
				457EE0C02521F47E00A9A9AD /* PBXTargetDependency */,
			);
			name = UIButtonExtensionExampleUITests;
			productName = UIButtonExtensionExampleUITests;
			productReference = 457EE0BE2521F47E00A9A9AD /* UIButtonExtensionExampleUITests.xctest */;
			productType = "com.apple.product-type.bundle.ui-testing";
		};
/* End PBXNativeTarget section */

/* Begin PBXProject section */
		457EE0752521F44400A9A9AD /* Project object */ = {
			isa = PBXProject;
			attributes = {
				LastSwiftUpdateCheck = 1200;
				LastUpgradeCheck = 1200;
				TargetAttributes = {
					457EE07D2521F44400A9A9AD = {
						CreatedOnToolsVersion = 12.0;
						LastSwiftMigration = 1200;
					};
					457EE0862521F44400A9A9AD = {
						CreatedOnToolsVersion = 12.0;
					};
					457EE09D2521F47B00A9A9AD = {
						CreatedOnToolsVersion = 12.0;
					};
					457EE0B22521F47E00A9A9AD = {
						CreatedOnToolsVersion = 12.0;
						TestTargetID = 457EE09D2521F47B00A9A9AD;
					};
					457EE0BD2521F47E00A9A9AD = {
						CreatedOnToolsVersion = 12.0;
						TestTargetID = 457EE09D2521F47B00A9A9AD;
					};
				};
			};
			buildConfigurationList = 457EE0782521F44400A9A9AD /* Build configuration list for PBXProject "UIButtonExtension" */;
			compatibilityVersion = "Xcode 9.3";
			developmentRegion = en;
			hasScannedForEncodings = 0;
			knownRegions = (
				en,
				Base,
			);
			mainGroup = 457EE0742521F44400A9A9AD;
			productRefGroup = 457EE07F2521F44400A9A9AD /* Products */;
			projectDirPath = "";
			projectRoot = "";
			targets = (
				457EE07D2521F44400A9A9AD /* UIButtonExtension */,
				457EE0862521F44400A9A9AD /* UIButtonExtensionTests */,
				457EE09D2521F47B00A9A9AD /* UIButtonExtensionExample */,
				457EE0B22521F47E00A9A9AD /* UIButtonExtensionExampleTests */,
				457EE0BD2521F47E00A9A9AD /* UIButtonExtensionExampleUITests */,
			);
		};
/* End PBXProject section */

/* Begin PBXResourcesBuildPhase section */
		457EE07C2521F44400A9A9AD /* Resources */ = {
			isa = PBXResourcesBuildPhase;
			buildActionMask = 2147483647;
			files = (
				457EE1102522043F00A9A9AD /* Resources.xcassets in Resources */,
			);
			runOnlyForDeploymentPostprocessing = 0;
		};
		457EE0852521F44400A9A9AD /* Resources */ = {
			isa = PBXResourcesBuildPhase;
			buildActionMask = 2147483647;
			files = (
			);
			runOnlyForDeploymentPostprocessing = 0;
		};
		457EE09C2521F47B00A9A9AD /* Resources */ = {
			isa = PBXResourcesBuildPhase;
			buildActionMask = 2147483647;
			files = (
				457EE0AD2521F47D00A9A9AD /* LaunchScreen.storyboard in Resources */,
				457EE0AA2521F47D00A9A9AD /* Assets.xcassets in Resources */,
			);
			runOnlyForDeploymentPostprocessing = 0;
		};
		457EE0B12521F47E00A9A9AD /* Resources */ = {
			isa = PBXResourcesBuildPhase;
			buildActionMask = 2147483647;
			files = (
			);
			runOnlyForDeploymentPostprocessing = 0;
		};
		457EE0BC2521F47E00A9A9AD /* Resources */ = {
			isa = PBXResourcesBuildPhase;
			buildActionMask = 2147483647;
			files = (
			);
			runOnlyForDeploymentPostprocessing = 0;
		};
/* End PBXResourcesBuildPhase section */

/* Begin PBXSourcesBuildPhase section */
		457EE07A2521F44400A9A9AD /* Sources */ = {
			isa = PBXSourcesBuildPhase;
			buildActionMask = 2147483647;
			files = (
				457EE0F12521FE9400A9A9AD /* UICheckboxClassic.swift in Sources */,
				457EE0EA2521FE7000A9A9AD /* UICheckboxModern.swift in Sources */,
				457EE0FD2521FEBA00A9A9AD /* UIRadioButton.swift in Sources */,
			);
			runOnlyForDeploymentPostprocessing = 0;
		};
		457EE0832521F44400A9A9AD /* Sources */ = {
			isa = PBXSourcesBuildPhase;
			buildActionMask = 2147483647;
			files = (
				457EE08D2521F44400A9A9AD /* UIButtonExtensionTests.swift in Sources */,
			);
			runOnlyForDeploymentPostprocessing = 0;
		};
		457EE09A2521F47B00A9A9AD /* Sources */ = {
			isa = PBXSourcesBuildPhase;
			buildActionMask = 2147483647;
			files = (
				457EE0A52521F47B00A9A9AD /* ViewController.swift in Sources */,
				457EE0A12521F47B00A9A9AD /* AppDelegate.swift in Sources */,
			);
			runOnlyForDeploymentPostprocessing = 0;
		};
		457EE0AF2521F47E00A9A9AD /* Sources */ = {
			isa = PBXSourcesBuildPhase;
			buildActionMask = 2147483647;
			files = (
				457EE0B82521F47E00A9A9AD /* UIButtonExtensionExampleTests.swift in Sources */,
			);
			runOnlyForDeploymentPostprocessing = 0;
		};
		457EE0BA2521F47E00A9A9AD /* Sources */ = {
			isa = PBXSourcesBuildPhase;
			buildActionMask = 2147483647;
			files = (
				457EE0C32521F47E00A9A9AD /* UIButtonExtensionExampleUITests.swift in Sources */,
			);
			runOnlyForDeploymentPostprocessing = 0;
		};
/* End PBXSourcesBuildPhase section */

/* Begin PBXTargetDependency section */
		457EE08A2521F44400A9A9AD /* PBXTargetDependency */ = {
			isa = PBXTargetDependency;
			target = 457EE07D2521F44400A9A9AD /* UIButtonExtension */;
			targetProxy = 457EE0892521F44400A9A9AD /* PBXContainerItemProxy */;
		};
		457EE0B52521F47E00A9A9AD /* PBXTargetDependency */ = {
			isa = PBXTargetDependency;
			target = 457EE09D2521F47B00A9A9AD /* UIButtonExtensionExample */;
			targetProxy = 457EE0B42521F47E00A9A9AD /* PBXContainerItemProxy */;
		};
		457EE0C02521F47E00A9A9AD /* PBXTargetDependency */ = {
			isa = PBXTargetDependency;
			target = 457EE09D2521F47B00A9A9AD /* UIButtonExtensionExample */;
			targetProxy = 457EE0BF2521F47E00A9A9AD /* PBXContainerItemProxy */;
		};
/* End PBXTargetDependency section */

/* Begin PBXVariantGroup section */
		457EE0AB2521F47D00A9A9AD /* LaunchScreen.storyboard */ = {
			isa = PBXVariantGroup;
			children = (
				457EE0AC2521F47D00A9A9AD /* Base */,
			);
			name = LaunchScreen.storyboard;
			sourceTree = "<group>";
		};
/* End PBXVariantGroup section */

/* Begin XCBuildConfiguration section */
		457EE0902521F44400A9A9AD /* Debug */ = {
			isa = XCBuildConfiguration;
			buildSettings = {
				ALWAYS_SEARCH_USER_PATHS = NO;
				CLANG_ANALYZER_NONNULL = YES;
				CLANG_ANALYZER_NUMBER_OBJECT_CONVERSION = YES_AGGRESSIVE;
				CLANG_CXX_LANGUAGE_STANDARD = "gnu++14";
				CLANG_CXX_LIBRARY = "libc++";
				CLANG_ENABLE_MODULES = YES;
				CLANG_ENABLE_OBJC_ARC = YES;
				CLANG_ENABLE_OBJC_WEAK = YES;
				CLANG_WARN_BLOCK_CAPTURE_AUTORELEASING = YES;
				CLANG_WARN_BOOL_CONVERSION = YES;
				CLANG_WARN_COMMA = YES;
				CLANG_WARN_CONSTANT_CONVERSION = YES;
				CLANG_WARN_DEPRECATED_OBJC_IMPLEMENTATIONS = YES;
				CLANG_WARN_DIRECT_OBJC_ISA_USAGE = YES_ERROR;
				CLANG_WARN_DOCUMENTATION_COMMENTS = YES;
				CLANG_WARN_EMPTY_BODY = YES;
				CLANG_WARN_ENUM_CONVERSION = YES;
				CLANG_WARN_INFINITE_RECURSION = YES;
				CLANG_WARN_INT_CONVERSION = YES;
				CLANG_WARN_NON_LITERAL_NULL_CONVERSION = YES;
				CLANG_WARN_OBJC_IMPLICIT_RETAIN_SELF = YES;
				CLANG_WARN_OBJC_LITERAL_CONVERSION = YES;
				CLANG_WARN_OBJC_ROOT_CLASS = YES_ERROR;
				CLANG_WARN_QUOTED_INCLUDE_IN_FRAMEWORK_HEADER = YES;
				CLANG_WARN_RANGE_LOOP_ANALYSIS = YES;
				CLANG_WARN_STRICT_PROTOTYPES = YES;
				CLANG_WARN_SUSPICIOUS_MOVE = YES;
				CLANG_WARN_UNGUARDED_AVAILABILITY = YES_AGGRESSIVE;
				CLANG_WARN_UNREACHABLE_CODE = YES;
				CLANG_WARN__DUPLICATE_METHOD_MATCH = YES;
				COPY_PHASE_STRIP = NO;
				CURRENT_PROJECT_VERSION = 1;
				DEBUG_INFORMATION_FORMAT = dwarf;
				ENABLE_STRICT_OBJC_MSGSEND = YES;
				ENABLE_TESTABILITY = YES;
				GCC_C_LANGUAGE_STANDARD = gnu11;
				GCC_DYNAMIC_NO_PIC = NO;
				GCC_NO_COMMON_BLOCKS = YES;
				GCC_OPTIMIZATION_LEVEL = 0;
				GCC_PREPROCESSOR_DEFINITIONS = (
					"DEBUG=1",
					"$(inherited)",
				);
				GCC_WARN_64_TO_32_BIT_CONVERSION = YES;
				GCC_WARN_ABOUT_RETURN_TYPE = YES_ERROR;
				GCC_WARN_UNDECLARED_SELECTOR = YES;
				GCC_WARN_UNINITIALIZED_AUTOS = YES_AGGRESSIVE;
				GCC_WARN_UNUSED_FUNCTION = YES;
				GCC_WARN_UNUSED_VARIABLE = YES;
				IPHONEOS_DEPLOYMENT_TARGET = 11.0;
				MTL_ENABLE_DEBUG_INFO = INCLUDE_SOURCE;
				MTL_FAST_MATH = YES;
				ONLY_ACTIVE_ARCH = YES;
				SDKROOT = iphoneos;
				SWIFT_ACTIVE_COMPILATION_CONDITIONS = DEBUG;
				SWIFT_OPTIMIZATION_LEVEL = "-Onone";
				VERSIONING_SYSTEM = "apple-generic";
				VERSION_INFO_PREFIX = "";
			};
			name = Debug;
		};
		457EE0912521F44400A9A9AD /* Release */ = {
			isa = XCBuildConfiguration;
			buildSettings = {
				ALWAYS_SEARCH_USER_PATHS = NO;
				CLANG_ANALYZER_NONNULL = YES;
				CLANG_ANALYZER_NUMBER_OBJECT_CONVERSION = YES_AGGRESSIVE;
				CLANG_CXX_LANGUAGE_STANDARD = "gnu++14";
				CLANG_CXX_LIBRARY = "libc++";
				CLANG_ENABLE_MODULES = YES;
				CLANG_ENABLE_OBJC_ARC = YES;
				CLANG_ENABLE_OBJC_WEAK = YES;
				CLANG_WARN_BLOCK_CAPTURE_AUTORELEASING = YES;
				CLANG_WARN_BOOL_CONVERSION = YES;
				CLANG_WARN_COMMA = YES;
				CLANG_WARN_CONSTANT_CONVERSION = YES;
				CLANG_WARN_DEPRECATED_OBJC_IMPLEMENTATIONS = YES;
				CLANG_WARN_DIRECT_OBJC_ISA_USAGE = YES_ERROR;
				CLANG_WARN_DOCUMENTATION_COMMENTS = YES;
				CLANG_WARN_EMPTY_BODY = YES;
				CLANG_WARN_ENUM_CONVERSION = YES;
				CLANG_WARN_INFINITE_RECURSION = YES;
				CLANG_WARN_INT_CONVERSION = YES;
				CLANG_WARN_NON_LITERAL_NULL_CONVERSION = YES;
				CLANG_WARN_OBJC_IMPLICIT_RETAIN_SELF = YES;
				CLANG_WARN_OBJC_LITERAL_CONVERSION = YES;
				CLANG_WARN_OBJC_ROOT_CLASS = YES_ERROR;
				CLANG_WARN_QUOTED_INCLUDE_IN_FRAMEWORK_HEADER = YES;
				CLANG_WARN_RANGE_LOOP_ANALYSIS = YES;
				CLANG_WARN_STRICT_PROTOTYPES = YES;
				CLANG_WARN_SUSPICIOUS_MOVE = YES;
				CLANG_WARN_UNGUARDED_AVAILABILITY = YES_AGGRESSIVE;
				CLANG_WARN_UNREACHABLE_CODE = YES;
				CLANG_WARN__DUPLICATE_METHOD_MATCH = YES;
				COPY_PHASE_STRIP = NO;
				CURRENT_PROJECT_VERSION = 1;
				DEBUG_INFORMATION_FORMAT = "dwarf-with-dsym";
				ENABLE_NS_ASSERTIONS = NO;
				ENABLE_STRICT_OBJC_MSGSEND = YES;
				GCC_C_LANGUAGE_STANDARD = gnu11;
				GCC_NO_COMMON_BLOCKS = YES;
				GCC_WARN_64_TO_32_BIT_CONVERSION = YES;
				GCC_WARN_ABOUT_RETURN_TYPE = YES_ERROR;
				GCC_WARN_UNDECLARED_SELECTOR = YES;
				GCC_WARN_UNINITIALIZED_AUTOS = YES_AGGRESSIVE;
				GCC_WARN_UNUSED_FUNCTION = YES;
				GCC_WARN_UNUSED_VARIABLE = YES;
				IPHONEOS_DEPLOYMENT_TARGET = 11.0;
				MTL_ENABLE_DEBUG_INFO = NO;
				MTL_FAST_MATH = YES;
				SDKROOT = iphoneos;
				SWIFT_COMPILATION_MODE = wholemodule;
				SWIFT_OPTIMIZATION_LEVEL = "-O";
				VALIDATE_PRODUCT = YES;
				VERSIONING_SYSTEM = "apple-generic";
				VERSION_INFO_PREFIX = "";
			};
			name = Release;
		};
		457EE0932521F44400A9A9AD /* Debug */ = {
			isa = XCBuildConfiguration;
			buildSettings = {
				CLANG_ENABLE_MODULES = YES;
				CODE_SIGN_STYLE = Automatic;
				DEFINES_MODULE = YES;
				DEVELOPMENT_ASSET_PATHS = "";
				DEVELOPMENT_TEAM = 589RNFRDJ2;
				DYLIB_COMPATIBILITY_VERSION = 1;
				DYLIB_CURRENT_VERSION = 1;
				DYLIB_INSTALL_NAME_BASE = "@rpath";
				INFOPLIST_FILE = UIButtonExtension/Info.plist;
				INSTALL_PATH = "$(LOCAL_LIBRARY_DIR)/Frameworks";
				LD_RUNPATH_SEARCH_PATHS = (
					"$(inherited)",
					"@executable_path/Frameworks",
					"@loader_path/Frameworks",
				);
				PRODUCT_BUNDLE_IDENTIFIER = "Arman-Zoghi.UIButtonExtension";
				PRODUCT_NAME = "$(TARGET_NAME:c99extidentifier)";
				SKIP_INSTALL = YES;
				SWIFT_OPTIMIZATION_LEVEL = "-Onone";
				SWIFT_VERSION = 5.0;
				TARGETED_DEVICE_FAMILY = "1,2";
			};
			name = Debug;
		};
		457EE0942521F44400A9A9AD /* Release */ = {
			isa = XCBuildConfiguration;
			buildSettings = {
				CLANG_ENABLE_MODULES = YES;
				CODE_SIGN_STYLE = Automatic;
				DEFINES_MODULE = YES;
				DEVELOPMENT_ASSET_PATHS = "";
				DEVELOPMENT_TEAM = 589RNFRDJ2;
				DYLIB_COMPATIBILITY_VERSION = 1;
				DYLIB_CURRENT_VERSION = 1;
				DYLIB_INSTALL_NAME_BASE = "@rpath";
				INFOPLIST_FILE = UIButtonExtension/Info.plist;
				INSTALL_PATH = "$(LOCAL_LIBRARY_DIR)/Frameworks";
				LD_RUNPATH_SEARCH_PATHS = (
					"$(inherited)",
					"@executable_path/Frameworks",
					"@loader_path/Frameworks",
				);
				PRODUCT_BUNDLE_IDENTIFIER = "Arman-Zoghi.UIButtonExtension";
				PRODUCT_NAME = "$(TARGET_NAME:c99extidentifier)";
				SKIP_INSTALL = YES;
				SWIFT_VERSION = 5.0;
				TARGETED_DEVICE_FAMILY = "1,2";
			};
			name = Release;
		};
		457EE0962521F44400A9A9AD /* Debug */ = {
			isa = XCBuildConfiguration;
			buildSettings = {
				ALWAYS_EMBED_SWIFT_STANDARD_LIBRARIES = YES;
				CODE_SIGN_STYLE = Automatic;
				DEVELOPMENT_TEAM = 589RNFRDJ2;
				INFOPLIST_FILE = UIButtonExtensionTests/Info.plist;
				LD_RUNPATH_SEARCH_PATHS = (
					"$(inherited)",
					"@executable_path/Frameworks",
					"@loader_path/Frameworks",
				);
				PRODUCT_BUNDLE_IDENTIFIER = "Arman-Zoghi.UIButtonExtensionTests";
				PRODUCT_NAME = "$(TARGET_NAME)";
				SWIFT_VERSION = 5.0;
				TARGETED_DEVICE_FAMILY = "1,2";
			};
			name = Debug;
		};
		457EE0972521F44400A9A9AD /* Release */ = {
			isa = XCBuildConfiguration;
			buildSettings = {
				ALWAYS_EMBED_SWIFT_STANDARD_LIBRARIES = YES;
				CODE_SIGN_STYLE = Automatic;
				DEVELOPMENT_TEAM = 589RNFRDJ2;
				INFOPLIST_FILE = UIButtonExtensionTests/Info.plist;
				LD_RUNPATH_SEARCH_PATHS = (
					"$(inherited)",
					"@executable_path/Frameworks",
					"@loader_path/Frameworks",
				);
				PRODUCT_BUNDLE_IDENTIFIER = "Arman-Zoghi.UIButtonExtensionTests";
				PRODUCT_NAME = "$(TARGET_NAME)";
				SWIFT_VERSION = 5.0;
				TARGETED_DEVICE_FAMILY = "1,2";
			};
			name = Release;
		};
		457EE0C62521F47E00A9A9AD /* Debug */ = {
			isa = XCBuildConfiguration;
			buildSettings = {
				ASSETCATALOG_COMPILER_APPICON_NAME = AppIcon;
				ASSETCATALOG_COMPILER_GLOBAL_ACCENT_COLOR_NAME = AccentColor;
				CODE_SIGN_STYLE = Automatic;
				DEVELOPMENT_TEAM = 589RNFRDJ2;
				INFOPLIST_FILE = UIButtonExtensionExample/Info.plist;
				IPHONEOS_DEPLOYMENT_TARGET = 14.0;
				LD_RUNPATH_SEARCH_PATHS = (
					"$(inherited)",
					"@executable_path/Frameworks",
				);
				PRODUCT_BUNDLE_IDENTIFIER = "Arman-Zoghi.UIButtonExtensionExample";
				PRODUCT_NAME = "$(TARGET_NAME)";
				SWIFT_VERSION = 5.0;
				TARGETED_DEVICE_FAMILY = "1,2";
			};
			name = Debug;
		};
		457EE0C72521F47E00A9A9AD /* Release */ = {
			isa = XCBuildConfiguration;
			buildSettings = {
				ASSETCATALOG_COMPILER_APPICON_NAME = AppIcon;
				ASSETCATALOG_COMPILER_GLOBAL_ACCENT_COLOR_NAME = AccentColor;
				CODE_SIGN_STYLE = Automatic;
				DEVELOPMENT_TEAM = 589RNFRDJ2;
				INFOPLIST_FILE = UIButtonExtensionExample/Info.plist;
				IPHONEOS_DEPLOYMENT_TARGET = 14.0;
				LD_RUNPATH_SEARCH_PATHS = (
					"$(inherited)",
					"@executable_path/Frameworks",
				);
				PRODUCT_BUNDLE_IDENTIFIER = "Arman-Zoghi.UIButtonExtensionExample";
				PRODUCT_NAME = "$(TARGET_NAME)";
				SWIFT_VERSION = 5.0;
				TARGETED_DEVICE_FAMILY = "1,2";
			};
			name = Release;
		};
		457EE0C92521F47E00A9A9AD /* Debug */ = {
			isa = XCBuildConfiguration;
			buildSettings = {
				ALWAYS_EMBED_SWIFT_STANDARD_LIBRARIES = YES;
				BUNDLE_LOADER = "$(TEST_HOST)";
				CODE_SIGN_STYLE = Automatic;
				DEVELOPMENT_TEAM = 589RNFRDJ2;
				INFOPLIST_FILE = UIButtonExtensionExampleTests/Info.plist;
				IPHONEOS_DEPLOYMENT_TARGET = 14.0;
				LD_RUNPATH_SEARCH_PATHS = (
					"$(inherited)",
					"@executable_path/Frameworks",
					"@loader_path/Frameworks",
				);
				PRODUCT_BUNDLE_IDENTIFIER = "Arman-Zoghi.UIButtonExtensionExampleTests";
				PRODUCT_NAME = "$(TARGET_NAME)";
				SWIFT_VERSION = 5.0;
				TARGETED_DEVICE_FAMILY = "1,2";
				TEST_HOST = "$(BUILT_PRODUCTS_DIR)/UIButtonExtensionExample.app/UIButtonExtensionExample";
			};
			name = Debug;
		};
		457EE0CA2521F47E00A9A9AD /* Release */ = {
			isa = XCBuildConfiguration;
			buildSettings = {
				ALWAYS_EMBED_SWIFT_STANDARD_LIBRARIES = YES;
				BUNDLE_LOADER = "$(TEST_HOST)";
				CODE_SIGN_STYLE = Automatic;
				DEVELOPMENT_TEAM = 589RNFRDJ2;
				INFOPLIST_FILE = UIButtonExtensionExampleTests/Info.plist;
				IPHONEOS_DEPLOYMENT_TARGET = 14.0;
				LD_RUNPATH_SEARCH_PATHS = (
					"$(inherited)",
					"@executable_path/Frameworks",
					"@loader_path/Frameworks",
				);
				PRODUCT_BUNDLE_IDENTIFIER = "Arman-Zoghi.UIButtonExtensionExampleTests";
				PRODUCT_NAME = "$(TARGET_NAME)";
				SWIFT_VERSION = 5.0;
				TARGETED_DEVICE_FAMILY = "1,2";
				TEST_HOST = "$(BUILT_PRODUCTS_DIR)/UIButtonExtensionExample.app/UIButtonExtensionExample";
			};
			name = Release;
		};
		457EE0CC2521F47E00A9A9AD /* Debug */ = {
			isa = XCBuildConfiguration;
			buildSettings = {
				ALWAYS_EMBED_SWIFT_STANDARD_LIBRARIES = YES;
				CODE_SIGN_STYLE = Automatic;
				DEVELOPMENT_TEAM = 589RNFRDJ2;
				INFOPLIST_FILE = UIButtonExtensionExampleUITests/Info.plist;
				IPHONEOS_DEPLOYMENT_TARGET = 14.0;
				LD_RUNPATH_SEARCH_PATHS = (
					"$(inherited)",
					"@executable_path/Frameworks",
					"@loader_path/Frameworks",
				);
				PRODUCT_BUNDLE_IDENTIFIER = "Arman-Zoghi.UIButtonExtensionExampleUITests";
				PRODUCT_NAME = "$(TARGET_NAME)";
				SWIFT_VERSION = 5.0;
				TARGETED_DEVICE_FAMILY = "1,2";
				TEST_TARGET_NAME = UIButtonExtensionExample;
			};
			name = Debug;
		};
		457EE0CD2521F47E00A9A9AD /* Release */ = {
			isa = XCBuildConfiguration;
			buildSettings = {
				ALWAYS_EMBED_SWIFT_STANDARD_LIBRARIES = YES;
				CODE_SIGN_STYLE = Automatic;
				DEVELOPMENT_TEAM = 589RNFRDJ2;
				INFOPLIST_FILE = UIButtonExtensionExampleUITests/Info.plist;
				IPHONEOS_DEPLOYMENT_TARGET = 14.0;
				LD_RUNPATH_SEARCH_PATHS = (
					"$(inherited)",
					"@executable_path/Frameworks",
					"@loader_path/Frameworks",
				);
				PRODUCT_BUNDLE_IDENTIFIER = "Arman-Zoghi.UIButtonExtensionExampleUITests";
				PRODUCT_NAME = "$(TARGET_NAME)";
				SWIFT_VERSION = 5.0;
				TARGETED_DEVICE_FAMILY = "1,2";
				TEST_TARGET_NAME = UIButtonExtensionExample;
			};
			name = Release;
		};
/* End XCBuildConfiguration section */

/* Begin XCConfigurationList section */
		457EE0782521F44400A9A9AD /* Build configuration list for PBXProject "UIButtonExtension" */ = {
			isa = XCConfigurationList;
			buildConfigurations = (
				457EE0902521F44400A9A9AD /* Debug */,
				457EE0912521F44400A9A9AD /* Release */,
			);
			defaultConfigurationIsVisible = 0;
			defaultConfigurationName = Release;
		};
		457EE0922521F44400A9A9AD /* Build configuration list for PBXNativeTarget "UIButtonExtension" */ = {
			isa = XCConfigurationList;
			buildConfigurations = (
				457EE0932521F44400A9A9AD /* Debug */,
				457EE0942521F44400A9A9AD /* Release */,
			);
			defaultConfigurationIsVisible = 0;
			defaultConfigurationName = Release;
		};
		457EE0952521F44400A9A9AD /* Build configuration list for PBXNativeTarget "UIButtonExtensionTests" */ = {
			isa = XCConfigurationList;
			buildConfigurations = (
				457EE0962521F44400A9A9AD /* Debug */,
				457EE0972521F44400A9A9AD /* Release */,
			);
			defaultConfigurationIsVisible = 0;
			defaultConfigurationName = Release;
		};
		457EE0C52521F47E00A9A9AD /* Build configuration list for PBXNativeTarget "UIButtonExtensionExample" */ = {
			isa = XCConfigurationList;
			buildConfigurations = (
				457EE0C62521F47E00A9A9AD /* Debug */,
				457EE0C72521F47E00A9A9AD /* Release */,
			);
			defaultConfigurationIsVisible = 0;
			defaultConfigurationName = Release;
		};
		457EE0C82521F47E00A9A9AD /* Build configuration list for PBXNativeTarget "UIButtonExtensionExampleTests" */ = {
			isa = XCConfigurationList;
			buildConfigurations = (
				457EE0C92521F47E00A9A9AD /* Debug */,
				457EE0CA2521F47E00A9A9AD /* Release */,
			);
			defaultConfigurationIsVisible = 0;
			defaultConfigurationName = Release;
		};
		457EE0CB2521F47E00A9A9AD /* Build configuration list for PBXNativeTarget "UIButtonExtensionExampleUITests" */ = {
			isa = XCConfigurationList;
			buildConfigurations = (
				457EE0CC2521F47E00A9A9AD /* Debug */,
				457EE0CD2521F47E00A9A9AD /* Release */,
			);
			defaultConfigurationIsVisible = 0;
			defaultConfigurationName = Release;
		};
/* End XCConfigurationList section */
	};
	rootObject = 457EE0752521F44400A9A9AD /* Project object */;
}
